// !$*UTF8*$!
{
	archiveVersion = 1;
	classes = {
	};
	objectVersion = 77;
	objects = {

/* Begin PBXBuildFile section */
		FD122D5A2F60BE5A002CED6A /* TeamDex in Frameworks */ = {isa = PBXBuildFile; productRef = FD122D592F60BE5A002CED6A /* TeamDex */; };
/* End PBXBuildFile section */

/* Begin PBXContainerItemProxy section */
		FD69A3E52F60BD7200779CB9 /* PBXContainerItemProxy */ = {
			isa = PBXContainerItemProxy;
			containerPortal = FD69A3CF2F60BD7000779CB9 /* Project object */;
			proxyType = 1;
			remoteGlobalIDString = FD69A3D62F60BD7000779CB9;
			remoteInfo = TeamDexApp;
		};
		FD69A3EF2F60BD7200779CB9 /* PBXContainerItemProxy */ = {
			isa = PBXContainerItemProxy;
			containerPortal = FD69A3CF2F60BD7000779CB9 /* Project object */;
			proxyType = 1;
			remoteGlobalIDString = FD69A3D62F60BD7000779CB9;
			remoteInfo = TeamDexApp;
		};
/* End PBXContainerItemProxy section */

/* Begin PBXFileReference section */
		FD69A3D72F60BD7000779CB9 /* TeamDexApp.app */ = {isa = PBXFileReference; explicitFileType = wrapper.application; includeInIndex = 0; path = TeamDexApp.app; sourceTree = BUILT_PRODUCTS_DIR; };
		FD69A3E42F60BD7200779CB9 /* TeamDexAppTests.xctest */ = {isa = PBXFileReference; explicitFileType = wrapper.cfbundle; includeInIndex = 0; path = TeamDexAppTests.xctest; sourceTree = BUILT_PRODUCTS_DIR; };
		FD69A3EE2F60BD7200779CB9 /* TeamDexAppUITests.xctest */ = {isa = PBXFileReference; explicitFileType = wrapper.cfbundle; includeInIndex = 0; path = TeamDexAppUITests.xctest; sourceTree = BUILT_PRODUCTS_DIR; };
/* End PBXFileReference section */

/* Begin PBXFileSystemSynchronizedBuildFileExceptionSet section */
		FDDE73CE2F62AC1D008DE59F /* Exceptions for "TeamDexApp" folder in "TeamDexApp" target */ = {
			isa = PBXFileSystemSynchronizedBuildFileExceptionSet;
			membershipExceptions = (
				Info.plist,
			);
			target = FD69A3D62F60BD7000779CB9 /* TeamDexApp */;
		};
/* End PBXFileSystemSynchronizedBuildFileExceptionSet section */

/* Begin PBXFileSystemSynchronizedRootGroup section */
		FD69A3D92F60BD7000779CB9 /* TeamDexApp */ = {
			isa = PBXFileSystemSynchronizedRootGroup;
			exceptions = (
				FDDE73CE2F62AC1D008DE59F /* Exceptions for "TeamDexApp" folder in "TeamDexApp" target */,
			);
			path = TeamDexApp;
			sourceTree = "<group>";
		};
		FD69A3E72F60BD7200779CB9 /* TeamDexAppTests */ = {
			isa = PBXFileSystemSynchronizedRootGroup;
			path = TeamDexAppTests;
			sourceTree = "<group>";
		};
		FD69A3F12F60BD7200779CB9 /* TeamDexAppUITests */ = {
			isa = PBXFileSystemSynchronizedRootGroup;
			path = TeamDexAppUITests;
			sourceTree = "<group>";
		};
/* End PBXFileSystemSynchronizedRootGroup section */

/* Begin PBXFrameworksBuildPhase section */
		FD69A3D42F60BD7000779CB9 /* Frameworks */ = {
			isa = PBXFrameworksBuildPhase;
			buildActionMask = 2147483647;
			files = (
				FD122D5A2F60BE5A002CED6A /* TeamDex in Frameworks */,
			);
			runOnlyForDeploymentPostprocessing = 0;
		};
		FD69A3E12F60BD7200779CB9 /* Frameworks */ = {
			isa = PBXFrameworksBuildPhase;
			buildActionMask = 2147483647;
			files = (
			);
			runOnlyForDeploymentPostprocessing = 0;
		};
		FD69A3EB2F60BD7200779CB9 /* Frameworks */ = {
			isa = PBXFrameworksBuildPhase;
			buildActionMask = 2147483647;
			files = (
			);
			runOnlyForDeploymentPostprocessing = 0;
		};
/* End PBXFrameworksBuildPhase section */

/* Begin PBXGroup section */
		FD69A3CE2F60BD7000779CB9 = {
			isa = PBXGroup;
			children = (
				FD69A3D92F60BD7000779CB9 /* TeamDexApp */,
				FD69A3E72F60BD7200779CB9 /* TeamDexAppTests */,
				FD69A3F12F60BD7200779CB9 /* TeamDexAppUITests */,
				FD69A3D82F60BD7000779CB9 /* Products */,
			);
			sourceTree = "<group>";
		};
		FD69A3D82F60BD7000779CB9 /* Products */ = {
			isa = PBXGroup;
			children = (
				FD69A3D72F60BD7000779CB9 /* TeamDexApp.app */,
				FD69A3E42F60BD7200779CB9 /* TeamDexAppTests.xctest */,
				FD69A3EE2F60BD7200779CB9 /* TeamDexAppUITests.xctest */,
			);
			name = Products;
			sourceTree = "<group>";
		};
/* End PBXGroup section */

/* Begin PBXNativeTarget section */
		FD69A3D62F60BD7000779CB9 /* TeamDexApp */ = {
			isa = PBXNativeTarget;
			buildConfigurationList = FD69A3F82F60BD7200779CB9 /* Build configuration list for PBXNativeTarget "TeamDexApp" */;
			buildPhases = (
				FD69A3D32F60BD7000779CB9 /* Sources */,
				FD69A3D42F60BD7000779CB9 /* Frameworks */,
				FD69A3D52F60BD7000779CB9 /* Resources */,
			);
			buildRules = (
			);
			dependencies = (
			);
			fileSystemSynchronizedGroups = (
				FD69A3D92F60BD7000779CB9 /* TeamDexApp */,
			);
			name = TeamDexApp;
			packageProductDependencies = (
				FD122D592F60BE5A002CED6A /* TeamDex */,
			);
			productName = TeamDexApp;
			productReference = FD69A3D72F60BD7000779CB9 /* TeamDexApp.app */;
			productType = "com.apple.product-type.application";
		};
		FD69A3E32F60BD7200779CB9 /* TeamDexAppTests */ = {
			isa = PBXNativeTarget;
			buildConfigurationList = FD69A3FB2F60BD7200779CB9 /* Build configuration list for PBXNativeTarget "TeamDexAppTests" */;
			buildPhases = (
				FD69A3E02F60BD7200779CB9 /* Sources */,
				FD69A3E12F60BD7200779CB9 /* Frameworks */,
				FD69A3E22F60BD7200779CB9 /* Resources */,
			);
			buildRules = (
			);
			dependencies = (
				FD69A3E62F60BD7200779CB9 /* PBXTargetDependency */,
			);
			fileSystemSynchronizedGroups = (
				FD69A3E72F60BD7200779CB9 /* TeamDexAppTests */,
			);
			name = TeamDexAppTests;
			packageProductDependencies = (
			);
			productName = TeamDexAppTests;
			productReference = FD69A3E42F60BD7200779CB9 /* TeamDexAppTests.xctest */;
			productType = "com.apple.product-type.bundle.unit-test";
		};
		FD69A3ED2F60BD7200779CB9 /* TeamDexAppUITests */ = {
			isa = PBXNativeTarget;
			buildConfigurationList = FD69A3FE2F60BD7200779CB9 /* Build configuration list for PBXNativeTarget "TeamDexAppUITests" */;
			buildPhases = (
				FD69A3EA2F60BD7200779CB9 /* Sources */,
				FD69A3EB2F60BD7200779CB9 /* Frameworks */,
				FD69A3EC2F60BD7200779CB9 /* Resources */,
			);
			buildRules = (
			);
			dependencies = (
				FD69A3F02F60BD7200779CB9 /* PBXTargetDependency */,
			);
			fileSystemSynchronizedGroups = (
				FD69A3F12F60BD7200779CB9 /* TeamDexAppUITests */,
			);
			name = TeamDexAppUITests;
			packageProductDependencies = (
			);
			productName = TeamDexAppUITests;
			productReference = FD69A3EE2F60BD7200779CB9 /* TeamDexAppUITests.xctest */;
			productType = "com.apple.product-type.bundle.ui-testing";
		};
/* End PBXNativeTarget section */

/* Begin PBXProject section */
		FD69A3CF2F60BD7000779CB9 /* Project object */ = {
			isa = PBXProject;
			attributes = {
				BuildIndependentTargetsInParallel = 1;
				LastSwiftUpdateCheck = 2620;
				LastUpgradeCheck = 2620;
				TargetAttributes = {
					FD69A3D62F60BD7000779CB9 = {
						CreatedOnToolsVersion = 26.2;
					};
					FD69A3E32F60BD7200779CB9 = {
						CreatedOnToolsVersion = 26.2;
						TestTargetID = FD69A3D62F60BD7000779CB9;
					};
					FD69A3ED2F60BD7200779CB9 = {
						CreatedOnToolsVersion = 26.2;
						TestTargetID = FD69A3D62F60BD7000779CB9;
					};
				};
			};
			buildConfigurationList = FD69A3D22F60BD7000779CB9 /* Build configuration list for PBXProject "TeamDexApp" */;
			developmentRegion = en;
			hasScannedForEncodings = 0;
			knownRegions = (
				en,
				Base,
			);
			mainGroup = FD69A3CE2F60BD7000779CB9;
			minimizedProjectReferenceProxies = 1;
			packageReferences = (
				FD122D582F60BE5A002CED6A /* XCLocalSwiftPackageReference "../TeamDex" */,
			);
			preferredProjectObjectVersion = 77;
			productRefGroup = FD69A3D82F60BD7000779CB9 /* Products */;
			projectDirPath = "";
			projectRoot = "";
			targets = (
				FD69A3D62F60BD7000779CB9 /* TeamDexApp */,
				FD69A3E32F60BD7200779CB9 /* TeamDexAppTests */,
				FD69A3ED2F60BD7200779CB9 /* TeamDexAppUITests */,
			);
		};
/* End PBXProject section */

/* Begin PBXResourcesBuildPhase section */
		FD69A3D52F60BD7000779CB9 /* Resources */ = {
			isa = PBXResourcesBuildPhase;
			buildActionMask = 2147483647;
			files = (
			);
			runOnlyForDeploymentPostprocessing = 0;
		};
		FD69A3E22F60BD7200779CB9 /* Resources */ = {
			isa = PBXResourcesBuildPhase;
			buildActionMask = 2147483647;
			files = (
			);
			runOnlyForDeploymentPostprocessing = 0;
		};
		FD69A3EC2F60BD7200779CB9 /* Resources */ = {
			isa = PBXResourcesBuildPhase;
			buildActionMask = 2147483647;
			files = (
			);
			runOnlyForDeploymentPostprocessing = 0;
		};
/* End PBXResourcesBuildPhase section */

/* Begin PBXSourcesBuildPhase section */
		FD69A3D32F60BD7000779CB9 /* Sources */ = {
			isa = PBXSourcesBuildPhase;
			buildActionMask = 2147483647;
			files = (
			);
			runOnlyForDeploymentPostprocessing = 0;
		};
		FD69A3E02F60BD7200779CB9 /* Sources */ = {
			isa = PBXSourcesBuildPhase;
			buildActionMask = 2147483647;
			files = (
			);
			runOnlyForDeploymentPostprocessing = 0;
		};
		FD69A3EA2F60BD7200779CB9 /* Sources */ = {
			isa = PBXSourcesBuildPhase;
			buildActionMask = 2147483647;
			files = (
			);
			runOnlyForDeploymentPostprocessing = 0;
		};
/* End PBXSourcesBuildPhase section */

/* Begin PBXTargetDependency section */
		FD69A3E62F60BD7200779CB9 /* PBXTargetDependency */ = {
			isa = PBXTargetDependency;
			target = FD69A3D62F60BD7000779CB9 /* TeamDexApp */;
			targetProxy = FD69A3E52F60BD7200779CB9 /* PBXContainerItemProxy */;
		};
		FD69A3F02F60BD7200779CB9 /* PBXTargetDependency */ = {
			isa = PBXTargetDependency;
			target = FD69A3D62F60BD7000779CB9 /* TeamDexApp */;
			targetProxy = FD69A3EF2F60BD7200779CB9 /* PBXContainerItemProxy */;
		};
/* End PBXTargetDependency section */

/* Begin XCBuildConfiguration section */
		FD69A3F62F60BD7200779CB9 /* Debug */ = {
			isa = XCBuildConfiguration;
			buildSettings = {
				ALWAYS_SEARCH_USER_PATHS = NO;
				ASSETCATALOG_COMPILER_GENERATE_SWIFT_ASSET_SYMBOL_EXTENSIONS = YES;
				CLANG_ANALYZER_NONNULL = YES;
				CLANG_ANALYZER_NUMBER_OBJECT_CONVERSION = YES_AGGRESSIVE;
				CLANG_CXX_LANGUAGE_STANDARD = "gnu++20";
				CLANG_ENABLE_MODULES = YES;
				CLANG_ENABLE_OBJC_ARC = YES;
				CLANG_ENABLE_OBJC_WEAK = YES;
				CLANG_WARN_BLOCK_CAPTURE_AUTORELEASING = YES;
				CLANG_WARN_BOOL_CONVERSION = YES;
				CLANG_WARN_COMMA = YES;
				CLANG_WARN_CONSTANT_CONVERSION = YES;
				CLANG_WARN_DEPRECATED_OBJC_IMPLEMENTATIONS = YES;
				CLANG_WARN_DIRECT_OBJC_ISA_USAGE = YES_ERROR;
				CLANG_WARN_DOCUMENTATION_COMMENTS = YES;
				CLANG_WARN_EMPTY_BODY = YES;
				CLANG_WARN_ENUM_CONVERSION = YES;
				CLANG_WARN_INFINITE_RECURSION = YES;
				CLANG_WARN_INT_CONVERSION = YES;
				CLANG_WARN_NON_LITERAL_NULL_CONVERSION = YES;
				CLANG_WARN_OBJC_IMPLICIT_RETAIN_SELF = YES;
				CLANG_WARN_OBJC_LITERAL_CONVERSION = YES;
				CLANG_WARN_OBJC_ROOT_CLASS = YES_ERROR;
				CLANG_WARN_QUOTED_INCLUDE_IN_FRAMEWORK_HEADER = YES;
				CLANG_WARN_RANGE_LOOP_ANALYSIS = YES;
				CLANG_WARN_STRICT_PROTOTYPES = YES;
				CLANG_WARN_SUSPICIOUS_MOVE = YES;
				CLANG_WARN_UNGUARDED_AVAILABILITY = YES_AGGRESSIVE;
				CLANG_WARN_UNREACHABLE_CODE = YES;
				CLANG_WARN__DUPLICATE_METHOD_MATCH = YES;
				COPY_PHASE_STRIP = NO;
				DEBUG_INFORMATION_FORMAT = dwarf;
				ENABLE_STRICT_OBJC_MSGSEND = YES;
				ENABLE_TESTABILITY = YES;
				ENABLE_USER_SCRIPT_SANDBOXING = YES;
				GCC_C_LANGUAGE_STANDARD = gnu17;
				GCC_DYNAMIC_NO_PIC = NO;
				GCC_NO_COMMON_BLOCKS = YES;
				GCC_OPTIMIZATION_LEVEL = 0;
				GCC_PREPROCESSOR_DEFINITIONS = (
					"DEBUG=1",
					"$(inherited)",
				);
				GCC_WARN_64_TO_32_BIT_CONVERSION = YES;
				GCC_WARN_ABOUT_RETURN_TYPE = YES_ERROR;
				GCC_WARN_UNDECLARED_SELECTOR = YES;
				GCC_WARN_UNINITIALIZED_AUTOS = YES_AGGRESSIVE;
				GCC_WARN_UNUSED_FUNCTION = YES;
				GCC_WARN_UNUSED_VARIABLE = YES;
				IPHONEOS_DEPLOYMENT_TARGET = 26.2;
				LOCALIZATION_PREFERS_STRING_CATALOGS = YES;
				MTL_ENABLE_DEBUG_INFO = INCLUDE_SOURCE;
				MTL_FAST_MATH = YES;
				ONLY_ACTIVE_ARCH = YES;
				SDKROOT = iphoneos;
				SWIFT_ACTIVE_COMPILATION_CONDITIONS = "DEBUG $(inherited)";
				SWIFT_OPTIMIZATION_LEVEL = "-Onone";
			};
			name = Debug;
		};
		FD69A3F72F60BD7200779CB9 /* Release */ = {
			isa = XCBuildConfiguration;
			buildSettings = {
				ALWAYS_SEARCH_USER_PATHS = NO;
				ASSETCATALOG_COMPILER_GENERATE_SWIFT_ASSET_SYMBOL_EXTENSIONS = YES;
				CLANG_ANALYZER_NONNULL = YES;
				CLANG_ANALYZER_NUMBER_OBJECT_CONVERSION = YES_AGGRESSIVE;
				CLANG_CXX_LANGUAGE_STANDARD = "gnu++20";
				CLANG_ENABLE_MODULES = YES;
				CLANG_ENABLE_OBJC_ARC = YES;
				CLANG_ENABLE_OBJC_WEAK = YES;
				CLANG_WARN_BLOCK_CAPTURE_AUTORELEASING = YES;
				CLANG_WARN_BOOL_CONVERSION = YES;
				CLANG_WARN_COMMA = YES;
				CLANG_WARN_CONSTANT_CONVERSION = YES;
				CLANG_WARN_DEPRECATED_OBJC_IMPLEMENTATIONS = YES;
				CLANG_WARN_DIRECT_OBJC_ISA_USAGE = YES_ERROR;
				CLANG_WARN_DOCUMENTATION_COMMENTS = YES;
				CLANG_WARN_EMPTY_BODY = YES;
				CLANG_WARN_ENUM_CONVERSION = YES;
				CLANG_WARN_INFINITE_RECURSION = YES;
				CLANG_WARN_INT_CONVERSION = YES;
				CLANG_WARN_NON_LITERAL_NULL_CONVERSION = YES;
				CLANG_WARN_OBJC_IMPLICIT_RETAIN_SELF = YES;
				CLANG_WARN_OBJC_LITERAL_CONVERSION = YES;
				CLANG_WARN_OBJC_ROOT_CLASS = YES_ERROR;
				CLANG_WARN_QUOTED_INCLUDE_IN_FRAMEWORK_HEADER = YES;
				CLANG_WARN_RANGE_LOOP_ANALYSIS = YES;
				CLANG_WARN_STRICT_PROTOTYPES = YES;
				CLANG_WARN_SUSPICIOUS_MOVE = YES;
				CLANG_WARN_UNGUARDED_AVAILABILITY = YES_AGGRESSIVE;
				CLANG_WARN_UNREACHABLE_CODE = YES;
				CLANG_WARN__DUPLICATE_METHOD_MATCH = YES;
				COPY_PHASE_STRIP = NO;
				DEBUG_INFORMATION_FORMAT = "dwarf-with-dsym";
				ENABLE_NS_ASSERTIONS = NO;
				ENABLE_STRICT_OBJC_MSGSEND = YES;
				ENABLE_USER_SCRIPT_SANDBOXING = YES;
				GCC_C_LANGUAGE_STANDARD = gnu17;
				GCC_NO_COMMON_BLOCKS = YES;
				GCC_WARN_64_TO_32_BIT_CONVERSION = YES;
				GCC_WARN_ABOUT_RETURN_TYPE = YES_ERROR;
				GCC_WARN_UNDECLARED_SELECTOR = YES;
				GCC_WARN_UNINITIALIZED_AUTOS = YES_AGGRESSIVE;
				GCC_WARN_UNUSED_FUNCTION = YES;
				GCC_WARN_UNUSED_VARIABLE = YES;
				IPHONEOS_DEPLOYMENT_TARGET = 26.2;
				LOCALIZATION_PREFERS_STRING_CATALOGS = YES;
				MTL_ENABLE_DEBUG_INFO = NO;
				MTL_FAST_MATH = YES;
				SDKROOT = iphoneos;
				SWIFT_COMPILATION_MODE = wholemodule;
				VALIDATE_PRODUCT = YES;
			};
			name = Release;
		};
		FD69A3F92F60BD7200779CB9 /* Debug */ = {
			isa = XCBuildConfiguration;
			buildSettings = {
				ASSETCATALOG_COMPILER_APPICON_NAME = AppIcon;
				ASSETCATALOG_COMPILER_GLOBAL_ACCENT_COLOR_NAME = AccentColor;
				CODE_SIGN_STYLE = Automatic;
				CURRENT_PROJECT_VERSION = 1;
				DEVELOPMENT_TEAM = "";
				ENABLE_PREVIEWS = YES;
				GENERATE_INFOPLIST_FILE = YES;
				INFOPLIST_FILE = TeamDexApp/Info.plist;
				INFOPLIST_KEY_UIApplicationSceneManifest_Generation = YES;
				INFOPLIST_KEY_UIApplicationSupportsIndirectInputEvents = YES;
				INFOPLIST_KEY_UILaunchScreen_Generation = YES;
				INFOPLIST_KEY_UISupportedInterfaceOrientations_iPad = "UIInterfaceOrientationPortrait UIInterfaceOrientationPortraitUpsideDown UIInterfaceOrientationLandscapeLeft UIInterfaceOrientationLandscapeRight";
				INFOPLIST_KEY_UISupportedInterfaceOrientations_iPhone = "UIInterfaceOrientationPortrait UIInterfaceOrientationLandscapeLeft UIInterfaceOrientationLandscapeRight";
				IPHONEOS_DEPLOYMENT_TARGET = 17.6;
				LD_RUNPATH_SEARCH_PATHS = (
					"$(inherited)",
					"@executable_path/Frameworks",
				);
				MARKETING_VERSION = 1.0;
				PRODUCT_BUNDLE_IDENTIFIER = uk.co.bbc.TeamDexApp;
				PRODUCT_NAME = "$(TARGET_NAME)";
				STRING_CATALOG_GENERATE_SYMBOLS = YES;
				SWIFT_APPROACHABLE_CONCURRENCY = YES;
				SWIFT_DEFAULT_ACTOR_ISOLATION = MainActor;
				SWIFT_EMIT_LOC_STRINGS = YES;
				SWIFT_UPCOMING_FEATURE_MEMBER_IMPORT_VISIBILITY = YES;
				SWIFT_VERSION = 5.0;
				TARGETED_DEVICE_FAMILY = "1,2";
			};
			name = Debug;
		};
		FD69A3FA2F60BD7200779CB9 /* Release */ = {
			isa = XCBuildConfiguration;
			buildSettings = {
				ASSETCATALOG_COMPILER_APPICON_NAME = AppIcon;
				ASSETCATALOG_COMPILER_GLOBAL_ACCENT_COLOR_NAME = AccentColor;
				CODE_SIGN_STYLE = Automatic;
				CURRENT_PROJECT_VERSION = 1;
				DEVELOPMENT_TEAM = "";
				ENABLE_PREVIEWS = YES;
				GENERATE_INFOPLIST_FILE = YES;
				INFOPLIST_FILE = TeamDexApp/Info.plist;
				INFOPLIST_KEY_UIApplicationSceneManifest_Generation = YES;
				INFOPLIST_KEY_UIApplicationSupportsIndirectInputEvents = YES;
				INFOPLIST_KEY_UILaunchScreen_Generation = YES;
				INFOPLIST_KEY_UISupportedInterfaceOrientations_iPad = "UIInterfaceOrientationPortrait UIInterfaceOrientationPortraitUpsideDown UIInterfaceOrientationLandscapeLeft UIInterfaceOrientationLandscapeRight";
				INFOPLIST_KEY_UISupportedInterfaceOrientations_iPhone = "UIInterfaceOrientationPortrait UIInterfaceOrientationLandscapeLeft UIInterfaceOrientationLandscapeRight";
				IPHONEOS_DEPLOYMENT_TARGET = 17.6;
				LD_RUNPATH_SEARCH_PATHS = (
					"$(inherited)",
					"@executable_path/Frameworks",
				);
				MARKETING_VERSION = 1.0;
				PRODUCT_BUNDLE_IDENTIFIER = uk.co.bbc.TeamDexApp;
				PRODUCT_NAME = "$(TARGET_NAME)";
				STRING_CATALOG_GENERATE_SYMBOLS = YES;
				SWIFT_APPROACHABLE_CONCURRENCY = YES;
				SWIFT_DEFAULT_ACTOR_ISOLATION = MainActor;
				SWIFT_EMIT_LOC_STRINGS = YES;
				SWIFT_UPCOMING_FEATURE_MEMBER_IMPORT_VISIBILITY = YES;
				SWIFT_VERSION = 5.0;
				TARGETED_DEVICE_FAMILY = "1,2";
			};
			name = Release;
		};
		FD69A3FC2F60BD7200779CB9 /* Debug */ = {
			isa = XCBuildConfiguration;
			buildSettings = {
				BUNDLE_LOADER = "$(TEST_HOST)";
				CODE_SIGN_STYLE = Automatic;
				CURRENT_PROJECT_VERSION = 1;
				GENERATE_INFOPLIST_FILE = YES;
				IPHONEOS_DEPLOYMENT_TARGET = 26.2;
				MARKETING_VERSION = 1.0;
				PRODUCT_BUNDLE_IDENTIFIER = uk.co.bbc.TeamDexAppTests;
				PRODUCT_NAME = "$(TARGET_NAME)";
				STRING_CATALOG_GENERATE_SYMBOLS = NO;
				SWIFT_APPROACHABLE_CONCURRENCY = YES;
				SWIFT_EMIT_LOC_STRINGS = NO;
				SWIFT_UPCOMING_FEATURE_MEMBER_IMPORT_VISIBILITY = YES;
				SWIFT_VERSION = 5.0;
				TARGETED_DEVICE_FAMILY = "1,2";
				TEST_HOST = "$(BUILT_PRODUCTS_DIR)/TeamDexApp.app/$(BUNDLE_EXECUTABLE_FOLDER_PATH)/TeamDexApp";
			};
			name = Debug;
		};
		FD69A3FD2F60BD7200779CB9 /* Release */ = {
			isa = XCBuildConfiguration;
			buildSettings = {
				BUNDLE_LOADER = "$(TEST_HOST)";
				CODE_SIGN_STYLE = Automatic;
				CURRENT_PROJECT_VERSION = 1;
				GENERATE_INFOPLIST_FILE = YES;
				IPHONEOS_DEPLOYMENT_TARGET = 26.2;
				MARKETING_VERSION = 1.0;
				PRODUCT_BUNDLE_IDENTIFIER = uk.co.bbc.TeamDexAppTests;
				PRODUCT_NAME = "$(TARGET_NAME)";
				STRING_CATALOG_GENERATE_SYMBOLS = NO;
				SWIFT_APPROACHABLE_CONCURRENCY = YES;
				SWIFT_EMIT_LOC_STRINGS = NO;
				SWIFT_UPCOMING_FEATURE_MEMBER_IMPORT_VISIBILITY = YES;
				SWIFT_VERSION = 5.0;
				TARGETED_DEVICE_FAMILY = "1,2";
				TEST_HOST = "$(BUILT_PRODUCTS_DIR)/TeamDexApp.app/$(BUNDLE_EXECUTABLE_FOLDER_PATH)/TeamDexApp";
			};
			name = Release;
		};
		FD69A3FF2F60BD7200779CB9 /* Debug */ = {
			isa = XCBuildConfiguration;
			buildSettings = {
				CODE_SIGN_STYLE = Automatic;
				CURRENT_PROJECT_VERSION = 1;
				GENERATE_INFOPLIST_FILE = YES;
				MARKETING_VERSION = 1.0;
				PRODUCT_BUNDLE_IDENTIFIER = uk.co.bbc.TeamDexAppUITests;
				PRODUCT_NAME = "$(TARGET_NAME)";
				STRING_CATALOG_GENERATE_SYMBOLS = NO;
				SWIFT_APPROACHABLE_CONCURRENCY = YES;
				SWIFT_EMIT_LOC_STRINGS = NO;
				SWIFT_UPCOMING_FEATURE_MEMBER_IMPORT_VISIBILITY = YES;
				SWIFT_VERSION = 5.0;
				TARGETED_DEVICE_FAMILY = "1,2";
				TEST_TARGET_NAME = TeamDexApp;
			};
			name = Debug;
		};
		FD69A4002F60BD7200779CB9 /* Release */ = {
			isa = XCBuildConfiguration;
			buildSettings = {
				CODE_SIGN_STYLE = Automatic;
				CURRENT_PROJECT_VERSION = 1;
				GENERATE_INFOPLIST_FILE = YES;
				MARKETING_VERSION = 1.0;
				PRODUCT_BUNDLE_IDENTIFIER = uk.co.bbc.TeamDexAppUITests;
				PRODUCT_NAME = "$(TARGET_NAME)";
				STRING_CATALOG_GENERATE_SYMBOLS = NO;
				SWIFT_APPROACHABLE_CONCURRENCY = YES;
				SWIFT_EMIT_LOC_STRINGS = NO;
				SWIFT_UPCOMING_FEATURE_MEMBER_IMPORT_VISIBILITY = YES;
				SWIFT_VERSION = 5.0;
				TARGETED_DEVICE_FAMILY = "1,2";
				TEST_TARGET_NAME = TeamDexApp;
			};
			name = Release;
		};
/* End XCBuildConfiguration section */

/* Begin XCConfigurationList section */
		FD69A3D22F60BD7000779CB9 /* Build configuration list for PBXProject "TeamDexApp" */ = {
			isa = XCConfigurationList;
			buildConfigurations = (
				FD69A3F62F60BD7200779CB9 /* Debug */,
				FD69A3F72F60BD7200779CB9 /* Release */,
			);
			defaultConfigurationIsVisible = 0;
			defaultConfigurationName = Release;
		};
		FD69A3F82F60BD7200779CB9 /* Build configuration list for PBXNativeTarget "TeamDexApp" */ = {
			isa = XCConfigurationList;
			buildConfigurations = (
				FD69A3F92F60BD7200779CB9 /* Debug */,
				FD69A3FA2F60BD7200779CB9 /* Release */,
			);
			defaultConfigurationIsVisible = 0;
			defaultConfigurationName = Release;
		};
		FD69A3FB2F60BD7200779CB9 /* Build configuration list for PBXNativeTarget "TeamDexAppTests" */ = {
			isa = XCConfigurationList;
			buildConfigurations = (
				FD69A3FC2F60BD7200779CB9 /* Debug */,
				FD69A3FD2F60BD7200779CB9 /* Release */,
			);
			defaultConfigurationIsVisible = 0;
			defaultConfigurationName = Release;
		};
		FD69A3FE2F60BD7200779CB9 /* Build configuration list for PBXNativeTarget "TeamDexAppUITests" */ = {
			isa = XCConfigurationList;
			buildConfigurations = (
				FD69A3FF2F60BD7200779CB9 /* Debug */,
				FD69A4002F60BD7200779CB9 /* Release */,
			);
			defaultConfigurationIsVisible = 0;
			defaultConfigurationName = Release;
		};
/* End XCConfigurationList section */

/* Begin XCLocalSwiftPackageReference section */
		FD122D582F60BE5A002CED6A /* XCLocalSwiftPackageReference "../TeamDex" */ = {
			isa = XCLocalSwiftPackageReference;
			relativePath = ../TeamDex;
		};
/* End XCLocalSwiftPackageReference section */

/* Begin XCSwiftPackageProductDependency section */
		FD122D592F60BE5A002CED6A /* TeamDex */ = {
			isa = XCSwiftPackageProductDependency;
			productName = TeamDex;
		};
/* End XCSwiftPackageProductDependency section */
	};
	rootObject = FD69A3CF2F60BD7000779CB9 /* Project object */;
}
